// !$*UTF8*$!
{
	archiveVersion = 1;
	classes = {
	};
	objectVersion = 55;
	objects = {

/* Begin PBXBuildFile section */
		146B585327FCA03200CE6B0B /* DeveloperTableViewCell.swift in Sources */ = {isa = PBXBuildFile; fileRef = 146B585227FCA03200CE6B0B /* DeveloperTableViewCell.swift */; };
		5BBB893827F9FF6200E78E5C /* AccountsTableViewController.swift in Sources */ = {isa = PBXBuildFile; fileRef = 5BBB893727F9FF6200E78E5C /* AccountsTableViewController.swift */; };
		5BBB893A27F9FF6D00E78E5C /* TeamTableViewController.swift in Sources */ = {isa = PBXBuildFile; fileRef = 5BBB893927F9FF6D00E78E5C /* TeamTableViewController.swift */; };
		5BBB893C27F9FF9600E78E5C /* Account.swift in Sources */ = {isa = PBXBuildFile; fileRef = 5BBB893B27F9FF9600E78E5C /* Account.swift */; };
		5BBB893E27FA01CD00E78E5C /* EditAccountViewController.swift in Sources */ = {isa = PBXBuildFile; fileRef = 5BBB893D27FA01CD00E78E5C /* EditAccountViewController.swift */; };
		5BF1184C27F89601004A55E7 /* AppDelegate.swift in Sources */ = {isa = PBXBuildFile; fileRef = 5BF1184B27F89601004A55E7 /* AppDelegate.swift */; };
		5BF1184E27F89601004A55E7 /* SceneDelegate.swift in Sources */ = {isa = PBXBuildFile; fileRef = 5BF1184D27F89601004A55E7 /* SceneDelegate.swift */; };
		5BF1185027F89601004A55E7 /* LoginViewController.swift in Sources */ = {isa = PBXBuildFile; fileRef = 5BF1184F27F89601004A55E7 /* LoginViewController.swift */; };
		5BF1185327F89601004A55E7 /* Main.storyboard in Resources */ = {isa = PBXBuildFile; fileRef = 5BF1185127F89601004A55E7 /* Main.storyboard */; };
		5BF1185527F89602004A55E7 /* Assets.xcassets in Resources */ = {isa = PBXBuildFile; fileRef = 5BF1185427F89602004A55E7 /* Assets.xcassets */; };
		5BF1185827F89602004A55E7 /* LaunchScreen.storyboard in Resources */ = {isa = PBXBuildFile; fileRef = 5BF1185627F89602004A55E7 /* LaunchScreen.storyboard */; };
		5BF1186627F8966F004A55E7 /* DataManager.swift in Sources */ = {isa = PBXBuildFile; fileRef = 5BF1186527F8966F004A55E7 /* DataManager.swift */; };
		5BF1186827F89685004A55E7 /* TeamMember.swift in Sources */ = {isa = PBXBuildFile; fileRef = 5BF1186727F89685004A55E7 /* TeamMember.swift */; };
		5BF1186B27F896DB004A55E7 /* TabBarViewController.swift in Sources */ = {isa = PBXBuildFile; fileRef = 5BF1186A27F896DB004A55E7 /* TabBarViewController.swift */; };
		A591AC0927FE0599002894A2 /* AddNewAccountViewController.swift in Sources */ = {isa = PBXBuildFile; fileRef = A591AC0827FE0599002894A2 /* AddNewAccountViewController.swift */; };
/* End PBXBuildFile section */

/* Begin PBXFileReference section */
		146B585227FCA03200CE6B0B /* DeveloperTableViewCell.swift */ = {isa = PBXFileReference; lastKnownFileType = sourcecode.swift; path = DeveloperTableViewCell.swift; sourceTree = "<group>"; };
		5BBB893727F9FF6200E78E5C /* AccountsTableViewController.swift */ = {isa = PBXFileReference; lastKnownFileType = sourcecode.swift; path = AccountsTableViewController.swift; sourceTree = "<group>"; };
		5BBB893927F9FF6D00E78E5C /* TeamTableViewController.swift */ = {isa = PBXFileReference; lastKnownFileType = sourcecode.swift; path = TeamTableViewController.swift; sourceTree = "<group>"; };
		5BBB893B27F9FF9600E78E5C /* Account.swift */ = {isa = PBXFileReference; lastKnownFileType = sourcecode.swift; path = Account.swift; sourceTree = "<group>"; };
		5BBB893D27FA01CD00E78E5C /* EditAccountViewController.swift */ = {isa = PBXFileReference; lastKnownFileType = sourcecode.swift; path = EditAccountViewController.swift; sourceTree = "<group>"; };
		5BF1184827F89601004A55E7 /* CipherEverything.app */ = {isa = PBXFileReference; explicitFileType = wrapper.application; includeInIndex = 0; path = CipherEverything.app; sourceTree = BUILT_PRODUCTS_DIR; };
		5BF1184B27F89601004A55E7 /* AppDelegate.swift */ = {isa = PBXFileReference; lastKnownFileType = sourcecode.swift; path = AppDelegate.swift; sourceTree = "<group>"; };
		5BF1184D27F89601004A55E7 /* SceneDelegate.swift */ = {isa = PBXFileReference; lastKnownFileType = sourcecode.swift; path = SceneDelegate.swift; sourceTree = "<group>"; };
		5BF1184F27F89601004A55E7 /* LoginViewController.swift */ = {isa = PBXFileReference; lastKnownFileType = sourcecode.swift; path = LoginViewController.swift; sourceTree = "<group>"; };
		5BF1185227F89601004A55E7 /* Base */ = {isa = PBXFileReference; lastKnownFileType = file.storyboard; name = Base; path = Base.lproj/Main.storyboard; sourceTree = "<group>"; };
		5BF1185427F89602004A55E7 /* Assets.xcassets */ = {isa = PBXFileReference; lastKnownFileType = folder.assetcatalog; path = Assets.xcassets; sourceTree = "<group>"; };
		5BF1185727F89602004A55E7 /* Base */ = {isa = PBXFileReference; lastKnownFileType = file.storyboard; name = Base; path = Base.lproj/LaunchScreen.storyboard; sourceTree = "<group>"; };
		5BF1185927F89602004A55E7 /* Info.plist */ = {isa = PBXFileReference; lastKnownFileType = text.plist.xml; path = Info.plist; sourceTree = "<group>"; };
		5BF1186527F8966F004A55E7 /* DataManager.swift */ = {isa = PBXFileReference; lastKnownFileType = sourcecode.swift; path = DataManager.swift; sourceTree = "<group>"; };
		5BF1186727F89685004A55E7 /* TeamMember.swift */ = {isa = PBXFileReference; lastKnownFileType = sourcecode.swift; path = TeamMember.swift; sourceTree = "<group>"; };
		5BF1186A27F896DB004A55E7 /* TabBarViewController.swift */ = {isa = PBXFileReference; lastKnownFileType = sourcecode.swift; path = TabBarViewController.swift; sourceTree = "<group>"; };
		5BF1186C27F898BE004A55E7 /* README.md */ = {isa = PBXFileReference; lastKnownFileType = net.daringfireball.markdown; path = README.md; sourceTree = "<group>"; };
		A591AC0827FE0599002894A2 /* AddNewAccountViewController.swift */ = {isa = PBXFileReference; lastKnownFileType = sourcecode.swift; path = AddNewAccountViewController.swift; sourceTree = "<group>"; };
/* End PBXFileReference section */

/* Begin PBXFrameworksBuildPhase section */
		5BF1184527F89601004A55E7 /* Frameworks */ = {
			isa = PBXFrameworksBuildPhase;
			buildActionMask = 2147483647;
			files = (
			);
			runOnlyForDeploymentPostprocessing = 0;
		};
/* End PBXFrameworksBuildPhase section */

/* Begin PBXGroup section */
		5BF1183F27F89601004A55E7 = {
			isa = PBXGroup;
			children = (
				5BF1186C27F898BE004A55E7 /* README.md */,
				5BF1184A27F89601004A55E7 /* CipherEverything */,
				5BF1184927F89601004A55E7 /* Products */,
			);
			sourceTree = "<group>";
		};
		5BF1184927F89601004A55E7 /* Products */ = {
			isa = PBXGroup;
			children = (
				5BF1184827F89601004A55E7 /* CipherEverything.app */,
			);
			name = Products;
			sourceTree = "<group>";
		};
		5BF1184A27F89601004A55E7 /* CipherEverything */ = {
			isa = PBXGroup;
			children = (
				5BF1186427F89665004A55E7 /* Services */,
				5BF1186327F8965E004A55E7 /* Models */,
				5BF1185F27F89610004A55E7 /* App */,
				A591AC0A27FE1FA0002894A2 /* Views */,
				5BF1186027F89614004A55E7 /* ViewControllers */,
				5BF1186127F8961D004A55E7 /* Storyboards */,
				5BF1186227F89652004A55E7 /* Resources */,
			);
			path = CipherEverything;
			sourceTree = "<group>";
		};
		5BF1185F27F89610004A55E7 /* App */ = {
			isa = PBXGroup;
			children = (
				5BF1184B27F89601004A55E7 /* AppDelegate.swift */,
				5BF1184D27F89601004A55E7 /* SceneDelegate.swift */,
				5BF1185927F89602004A55E7 /* Info.plist */,
			);
			path = App;
			sourceTree = "<group>";
		};
		5BF1186027F89614004A55E7 /* ViewControllers */ = {
			isa = PBXGroup;
			children = (
				5BF1184F27F89601004A55E7 /* LoginViewController.swift */,
				5BF1186A27F896DB004A55E7 /* TabBarViewController.swift */,
				A591AC0B27FE1FE5002894A2 /* AccountsViewControllers */,
				A591AC0C27FE1FFC002894A2 /* TeamViewControllers */,
			);
			path = ViewControllers;
			sourceTree = "<group>";
		};
		5BF1186127F8961D004A55E7 /* Storyboards */ = {
			isa = PBXGroup;
			children = (
				5BF1185127F89601004A55E7 /* Main.storyboard */,
				5BF1185627F89602004A55E7 /* LaunchScreen.storyboard */,
			);
			path = Storyboards;
			sourceTree = "<group>";
		};
		5BF1186227F89652004A55E7 /* Resources */ = {
			isa = PBXGroup;
			children = (
				5BF1185427F89602004A55E7 /* Assets.xcassets */,
			);
			path = Resources;
			sourceTree = "<group>";
		};
		5BF1186327F8965E004A55E7 /* Models */ = {
			isa = PBXGroup;
			children = (
				5BF1186727F89685004A55E7 /* TeamMember.swift */,
				5BBB893B27F9FF9600E78E5C /* Account.swift */,
			);
			path = Models;
			sourceTree = "<group>";
		};
		5BF1186427F89665004A55E7 /* Services */ = {
			isa = PBXGroup;
			children = (
				5BF1186527F8966F004A55E7 /* DataManager.swift */,
			);
			path = Services;
			sourceTree = "<group>";
		};
		A591AC0A27FE1FA0002894A2 /* Views */ = {
			isa = PBXGroup;
			children = (
				146B585227FCA03200CE6B0B /* DeveloperTableViewCell.swift */,
			);
			path = Views;
			sourceTree = "<group>";
		};
		A591AC0B27FE1FE5002894A2 /* AccountsViewControllers */ = {
			isa = PBXGroup;
			children = (
				5BBB893727F9FF6200E78E5C /* AccountsTableViewController.swift */,
				5BBB893D27FA01CD00E78E5C /* EditAccountViewController.swift */,
				A591AC0827FE0599002894A2 /* AddNewAccountViewController.swift */,
			);
			path = AccountsViewControllers;
			sourceTree = "<group>";
		};
		A591AC0C27FE1FFC002894A2 /* TeamViewControllers */ = {
			isa = PBXGroup;
			children = (
				5BBB893927F9FF6D00E78E5C /* TeamTableViewController.swift */,
			);
			path = TeamViewControllers;
			sourceTree = "<group>";
		};
/* End PBXGroup section */

/* Begin PBXNativeTarget section */
		5BF1184727F89601004A55E7 /* CipherEverything */ = {
			isa = PBXNativeTarget;
			buildConfigurationList = 5BF1185C27F89602004A55E7 /* Build configuration list for PBXNativeTarget "CipherEverything" */;
			buildPhases = (
				5BF1184427F89601004A55E7 /* Sources */,
				5BF1184527F89601004A55E7 /* Frameworks */,
				5BF1184627F89601004A55E7 /* Resources */,
			);
			buildRules = (
			);
			dependencies = (
			);
			name = CipherEverything;
			productName = CipherEverything;
			productReference = 5BF1184827F89601004A55E7 /* CipherEverything.app */;
			productType = "com.apple.product-type.application";
		};
/* End PBXNativeTarget section */

/* Begin PBXProject section */
		5BF1184027F89601004A55E7 /* Project object */ = {
			isa = PBXProject;
			attributes = {
				BuildIndependentTargetsInParallel = 1;
				LastSwiftUpdateCheck = 1330;
				LastUpgradeCheck = 1330;
				TargetAttributes = {
					5BF1184727F89601004A55E7 = {
						CreatedOnToolsVersion = 13.3;
					};
				};
			};
			buildConfigurationList = 5BF1184327F89601004A55E7 /* Build configuration list for PBXProject "CipherEverything" */;
			compatibilityVersion = "Xcode 13.0";
			developmentRegion = en;
			hasScannedForEncodings = 0;
			knownRegions = (
				en,
				Base,
			);
			mainGroup = 5BF1183F27F89601004A55E7;
			productRefGroup = 5BF1184927F89601004A55E7 /* Products */;
			projectDirPath = "";
			projectRoot = "";
			targets = (
				5BF1184727F89601004A55E7 /* CipherEverything */,
			);
		};
/* End PBXProject section */

/* Begin PBXResourcesBuildPhase section */
		5BF1184627F89601004A55E7 /* Resources */ = {
			isa = PBXResourcesBuildPhase;
			buildActionMask = 2147483647;
			files = (
				5BF1185827F89602004A55E7 /* LaunchScreen.storyboard in Resources */,
				5BF1185527F89602004A55E7 /* Assets.xcassets in Resources */,
				5BF1185327F89601004A55E7 /* Main.storyboard in Resources */,
			);
			runOnlyForDeploymentPostprocessing = 0;
		};
/* End PBXResourcesBuildPhase section */

/* Begin PBXSourcesBuildPhase section */
		5BF1184427F89601004A55E7 /* Sources */ = {
			isa = PBXSourcesBuildPhase;
			buildActionMask = 2147483647;
			files = (
				5BBB893C27F9FF9600E78E5C /* Account.swift in Sources */,
				A591AC0927FE0599002894A2 /* AddNewAccountViewController.swift in Sources */,
				146B585327FCA03200CE6B0B /* DeveloperTableViewCell.swift in Sources */,
				5BF1185027F89601004A55E7 /* LoginViewController.swift in Sources */,
				5BF1186627F8966F004A55E7 /* DataManager.swift in Sources */,
				5BF1184C27F89601004A55E7 /* AppDelegate.swift in Sources */,
				5BBB893827F9FF6200E78E5C /* AccountsTableViewController.swift in Sources */,
				5BF1186827F89685004A55E7 /* TeamMember.swift in Sources */,
				5BF1186B27F896DB004A55E7 /* TabBarViewController.swift in Sources */,
				5BBB893A27F9FF6D00E78E5C /* TeamTableViewController.swift in Sources */,
				5BBB893E27FA01CD00E78E5C /* EditAccountViewController.swift in Sources */,
				5BF1184E27F89601004A55E7 /* SceneDelegate.swift in Sources */,
			);
			runOnlyForDeploymentPostprocessing = 0;
		};
/* End PBXSourcesBuildPhase section */

/* Begin PBXVariantGroup section */
		5BF1185127F89601004A55E7 /* Main.storyboard */ = {
			isa = PBXVariantGroup;
			children = (
				5BF1185227F89601004A55E7 /* Base */,
			);
			name = Main.storyboard;
			sourceTree = "<group>";
		};
		5BF1185627F89602004A55E7 /* LaunchScreen.storyboard */ = {
			isa = PBXVariantGroup;
			children = (
				5BF1185727F89602004A55E7 /* Base */,
			);
			name = LaunchScreen.storyboard;
			sourceTree = "<group>";
		};
/* End PBXVariantGroup section */

/* Begin XCBuildConfiguration section */
		5BF1185A27F89602004A55E7 /* Debug */ = {
			isa = XCBuildConfiguration;
			buildSettings = {
				ALWAYS_SEARCH_USER_PATHS = NO;
				CLANG_ANALYZER_NONNULL = YES;
				CLANG_ANALYZER_NUMBER_OBJECT_CONVERSION = YES_AGGRESSIVE;
				CLANG_CXX_LANGUAGE_STANDARD = "gnu++17";
				CLANG_ENABLE_MODULES = YES;
				CLANG_ENABLE_OBJC_ARC = YES;
				CLANG_ENABLE_OBJC_WEAK = YES;
				CLANG_WARN_BLOCK_CAPTURE_AUTORELEASING = YES;
				CLANG_WARN_BOOL_CONVERSION = YES;
				CLANG_WARN_COMMA = YES;
				CLANG_WARN_CONSTANT_CONVERSION = YES;
				CLANG_WARN_DEPRECATED_OBJC_IMPLEMENTATIONS = YES;
				CLANG_WARN_DIRECT_OBJC_ISA_USAGE = YES_ERROR;
				CLANG_WARN_DOCUMENTATION_COMMENTS = YES;
				CLANG_WARN_EMPTY_BODY = YES;
				CLANG_WARN_ENUM_CONVERSION = YES;
				CLANG_WARN_INFINITE_RECURSION = YES;
				CLANG_WARN_INT_CONVERSION = YES;
				CLANG_WARN_NON_LITERAL_NULL_CONVERSION = YES;
				CLANG_WARN_OBJC_IMPLICIT_RETAIN_SELF = YES;
				CLANG_WARN_OBJC_LITERAL_CONVERSION = YES;
				CLANG_WARN_OBJC_ROOT_CLASS = YES_ERROR;
				CLANG_WARN_QUOTED_INCLUDE_IN_FRAMEWORK_HEADER = YES;
				CLANG_WARN_RANGE_LOOP_ANALYSIS = YES;
				CLANG_WARN_STRICT_PROTOTYPES = YES;
				CLANG_WARN_SUSPICIOUS_MOVE = YES;
				CLANG_WARN_UNGUARDED_AVAILABILITY = YES_AGGRESSIVE;
				CLANG_WARN_UNREACHABLE_CODE = YES;
				CLANG_WARN__DUPLICATE_METHOD_MATCH = YES;
				COPY_PHASE_STRIP = NO;
				DEBUG_INFORMATION_FORMAT = dwarf;
				ENABLE_STRICT_OBJC_MSGSEND = YES;
				ENABLE_TESTABILITY = YES;
				GCC_C_LANGUAGE_STANDARD = gnu11;
				GCC_DYNAMIC_NO_PIC = NO;
				GCC_NO_COMMON_BLOCKS = YES;
				GCC_OPTIMIZATION_LEVEL = 0;
				GCC_PREPROCESSOR_DEFINITIONS = (
					"DEBUG=1",
					"$(inherited)",
				);
				GCC_WARN_64_TO_32_BIT_CONVERSION = YES;
				GCC_WARN_ABOUT_RETURN_TYPE = YES_ERROR;
				GCC_WARN_UNDECLARED_SELECTOR = YES;
				GCC_WARN_UNINITIALIZED_AUTOS = YES_AGGRESSIVE;
				GCC_WARN_UNUSED_FUNCTION = YES;
				GCC_WARN_UNUSED_VARIABLE = YES;
				IPHONEOS_DEPLOYMENT_TARGET = 15.4;
				MTL_ENABLE_DEBUG_INFO = INCLUDE_SOURCE;
				MTL_FAST_MATH = YES;
				ONLY_ACTIVE_ARCH = YES;
				SDKROOT = iphoneos;
				SWIFT_ACTIVE_COMPILATION_CONDITIONS = DEBUG;
				SWIFT_OPTIMIZATION_LEVEL = "-Onone";
			};
			name = Debug;
		};
		5BF1185B27F89602004A55E7 /* Release */ = {
			isa = XCBuildConfiguration;
			buildSettings = {
				ALWAYS_SEARCH_USER_PATHS = NO;
				CLANG_ANALYZER_NONNULL = YES;
				CLANG_ANALYZER_NUMBER_OBJECT_CONVERSION = YES_AGGRESSIVE;
				CLANG_CXX_LANGUAGE_STANDARD = "gnu++17";
				CLANG_ENABLE_MODULES = YES;
				CLANG_ENABLE_OBJC_ARC = YES;
				CLANG_ENABLE_OBJC_WEAK = YES;
				CLANG_WARN_BLOCK_CAPTURE_AUTORELEASING = YES;
				CLANG_WARN_BOOL_CONVERSION = YES;
				CLANG_WARN_COMMA = YES;
				CLANG_WARN_CONSTANT_CONVERSION = YES;
				CLANG_WARN_DEPRECATED_OBJC_IMPLEMENTATIONS = YES;
				CLANG_WARN_DIRECT_OBJC_ISA_USAGE = YES_ERROR;
				CLANG_WARN_DOCUMENTATION_COMMENTS = YES;
				CLANG_WARN_EMPTY_BODY = YES;
				CLANG_WARN_ENUM_CONVERSION = YES;
				CLANG_WARN_INFINITE_RECURSION = YES;
				CLANG_WARN_INT_CONVERSION = YES;
				CLANG_WARN_NON_LITERAL_NULL_CONVERSION = YES;
				CLANG_WARN_OBJC_IMPLICIT_RETAIN_SELF = YES;
				CLANG_WARN_OBJC_LITERAL_CONVERSION = YES;
				CLANG_WARN_OBJC_ROOT_CLASS = YES_ERROR;
				CLANG_WARN_QUOTED_INCLUDE_IN_FRAMEWORK_HEADER = YES;
				CLANG_WARN_RANGE_LOOP_ANALYSIS = YES;
				CLANG_WARN_STRICT_PROTOTYPES = YES;
				CLANG_WARN_SUSPICIOUS_MOVE = YES;
				CLANG_WARN_UNGUARDED_AVAILABILITY = YES_AGGRESSIVE;
				CLANG_WARN_UNREACHABLE_CODE = YES;
				CLANG_WARN__DUPLICATE_METHOD_MATCH = YES;
				COPY_PHASE_STRIP = NO;
				DEBUG_INFORMATION_FORMAT = "dwarf-with-dsym";
				ENABLE_NS_ASSERTIONS = NO;
				ENABLE_STRICT_OBJC_MSGSEND = YES;
				GCC_C_LANGUAGE_STANDARD = gnu11;
				GCC_NO_COMMON_BLOCKS = YES;
				GCC_WARN_64_TO_32_BIT_CONVERSION = YES;
				GCC_WARN_ABOUT_RETURN_TYPE = YES_ERROR;
				GCC_WARN_UNDECLARED_SELECTOR = YES;
				GCC_WARN_UNINITIALIZED_AUTOS = YES_AGGRESSIVE;
				GCC_WARN_UNUSED_FUNCTION = YES;
				GCC_WARN_UNUSED_VARIABLE = YES;
				IPHONEOS_DEPLOYMENT_TARGET = 15.4;
				MTL_ENABLE_DEBUG_INFO = NO;
				MTL_FAST_MATH = YES;
				SDKROOT = iphoneos;
				SWIFT_COMPILATION_MODE = wholemodule;
				SWIFT_OPTIMIZATION_LEVEL = "-O";
				VALIDATE_PRODUCT = YES;
			};
			name = Release;
		};
		5BF1185D27F89602004A55E7 /* Debug */ = {
			isa = XCBuildConfiguration;
			buildSettings = {
				ASSETCATALOG_COMPILER_APPICON_NAME = AppIcon;
				ASSETCATALOG_COMPILER_GLOBAL_ACCENT_COLOR_NAME = AccentColor;
				CODE_SIGN_STYLE = Automatic;
				CURRENT_PROJECT_VERSION = 2;
				GENERATE_INFOPLIST_FILE = YES;
				INFOPLIST_FILE = CipherEverything/App/Info.plist;
				INFOPLIST_KEY_UIApplicationSupportsIndirectInputEvents = YES;
				INFOPLIST_KEY_UILaunchStoryboardName = LaunchScreen;
				INFOPLIST_KEY_UIMainStoryboardFile = Main;
				INFOPLIST_KEY_UISupportedInterfaceOrientations = UIInterfaceOrientationPortrait;
				INFOPLIST_KEY_UISupportedInterfaceOrientations_iPad = "UIInterfaceOrientationPortrait UIInterfaceOrientationPortraitUpsideDown UIInterfaceOrientationLandscapeLeft UIInterfaceOrientationLandscapeRight";
				INFOPLIST_KEY_UISupportedInterfaceOrientations_iPhone = "UIInterfaceOrientationPortrait UIInterfaceOrientationLandscapeLeft UIInterfaceOrientationLandscapeRight";
				IPHONEOS_DEPLOYMENT_TARGET = 15.4;
				LD_RUNPATH_SEARCH_PATHS = (
					"$(inherited)",
					"@executable_path/Frameworks",
				);
				MARKETING_VERSION = 1.0.1;
				PRODUCT_BUNDLE_IDENTIFIER = ru.rhiskey.CipherEverything;
				PRODUCT_NAME = "$(TARGET_NAME)";
				SWIFT_EMIT_LOC_STRINGS = YES;
				SWIFT_VERSION = 5.0;
				TARGETED_DEVICE_FAMILY = "1,2";
			};
			name = Debug;
		};
		5BF1185E27F89602004A55E7 /* Release */ = {
			isa = XCBuildConfiguration;
			buildSettings = {
				ASSETCATALOG_COMPILER_APPICON_NAME = AppIcon;
				ASSETCATALOG_COMPILER_GLOBAL_ACCENT_COLOR_NAME = AccentColor;
				CODE_SIGN_STYLE = Automatic;
				CURRENT_PROJECT_VERSION = 2;
				GENERATE_INFOPLIST_FILE = YES;
				INFOPLIST_FILE = CipherEverything/App/Info.plist;
				INFOPLIST_KEY_UIApplicationSupportsIndirectInputEvents = YES;
				INFOPLIST_KEY_UILaunchStoryboardName = LaunchScreen;
				INFOPLIST_KEY_UIMainStoryboardFile = Main;
				INFOPLIST_KEY_UISupportedInterfaceOrientations = UIInterfaceOrientationPortrait;
				INFOPLIST_KEY_UISupportedInterfaceOrientations_iPad = "UIInterfaceOrientationPortrait UIInterfaceOrientationPortraitUpsideDown UIInterfaceOrientationLandscapeLeft UIInterfaceOrientationLandscapeRight";
				INFOPLIST_KEY_UISupportedInterfaceOrientations_iPhone = "UIInterfaceOrientationPortrait UIInterfaceOrientationLandscapeLeft UIInterfaceOrientationLandscapeRight";
				IPHONEOS_DEPLOYMENT_TARGET = 15.4;
				LD_RUNPATH_SEARCH_PATHS = (
					"$(inherited)",
					"@executable_path/Frameworks",
				);
				MARKETING_VERSION = 1.0.1;
				PRODUCT_BUNDLE_IDENTIFIER = ru.rhiskey.CipherEverything;
				PRODUCT_NAME = "$(TARGET_NAME)";
				SWIFT_EMIT_LOC_STRINGS = YES;
				SWIFT_VERSION = 5.0;
				TARGETED_DEVICE_FAMILY = "1,2";
			};
			name = Release;
		};
/* End XCBuildConfiguration section */

/* Begin XCConfigurationList section */
		5BF1184327F89601004A55E7 /* Build configuration list for PBXProject "CipherEverything" */ = {
			isa = XCConfigurationList;
			buildConfigurations = (
				5BF1185A27F89602004A55E7 /* Debug */,
				5BF1185B27F89602004A55E7 /* Release */,
			);
			defaultConfigurationIsVisible = 0;
			defaultConfigurationName = Release;
		};
		5BF1185C27F89602004A55E7 /* Build configuration list for PBXNativeTarget "CipherEverything" */ = {
			isa = XCConfigurationList;
			buildConfigurations = (
				5BF1185D27F89602004A55E7 /* Debug */,
				5BF1185E27F89602004A55E7 /* Release */,
			);
			defaultConfigurationIsVisible = 0;
			defaultConfigurationName = Release;
		};
/* End XCConfigurationList section */
	};
	rootObject = 5BF1184027F89601004A55E7 /* Project object */;
}
